SITE
  remote: http://community.opscode.com/api/v1
  specs:
    apt (2.3.8)
    bluepill (2.3.1)
      rsyslog (>= 0.0.0)
    build-essential (2.0.0)
    chef_gem (0.1.0)
    ohai (1.1.12)
    rsyslog (1.12.2)
    runit (1.5.10)
      build-essential (>= 0.0.0)
      yum (~> 3.0)
      yum-epel (>= 0.0.0)
    yum (3.1.4)
    yum-epel (0.3.4)
      yum (~> 3.0)

GIT
  remote: git://github.com/fnichol/chef-rvm.git
  ref: master
  sha: 87f58d428c160337c1581ed1130a1a53d94e5126
  specs:
    rvm (0.9.1)
      chef_gem (>= 0.0.0)

GIT
  remote: https://github.com/fnichol/chef-git.git
  ref: master
  sha: 6c19cbefcdad5ec0f62a64dae1f656d660698ea3
  specs:
    git (0.9.0)
      runit (>= 0.0.0)

GIT
  remote: https://github.com/i42n/chef-cookbook-icecast2
  ref: master
  sha: a731c770c03fcd714194d164772cf1952792d1b7
  specs:
    icecast2 (0.0.1)

GIT
  remote: https://github.com/i42n/chef-cookbook-mpd
  ref: master
  sha: d2d176041b6d3e5147bdaab8d2183872558550aa
  specs:
    mpd (0.0.1)

GIT
  remote: https://github.com/i42n/nginx
  ref: ad23235fc1d8d7ddc6955988d8c9d51c2caa07eb
  sha: ad23235fc1d8d7ddc6955988d8c9d51c2caa07eb
  specs:
    nginx (2.4.5)
      apt (~> 2.2)
      bluepill (~> 2.3)
      build-essential (~> 2.0)
      ohai (~> 1.1)
      runit (~> 1.2)
      yum-epel (~> 0.3)

DEPENDENCIES
  apt (>= 0)
  build-essential (>= 0)
  git (>= 0)
  icecast2 (>= 0)
  mpd (>= 0)
  nginx (>= 0)
  rvm (>= 0)

