SITE
  remote: http://community.opscode.com/api/v1
  specs:
    apt (2.4.0)
    bluepill (2.3.1)
      rsyslog (>= 0.0.0)
    build-essential (2.0.4)
    chef-sugar (2.0.0)
    chef_gem (0.1.0)
    icecast2 (0.0.1)
    nginx (2.7.4)
      apt (~> 2.2)
      bluepill (~> 2.3)
      build-essential (~> 2.0)
      ohai (~> 2.0)
      runit (~> 1.2)
      yum-epel (~> 0.3)
    nodejs (1.3.0)
      apt (>= 0.0.0)
      build-essential (>= 0.0.0)
      yum (>= 0.0.0)
    ohai (2.0.1)
    openssl (2.0.0)
      chef-sugar (>= 0.0.0)
    postgresql (3.4.1)
      apt (>= 1.9.0)
      build-essential (>= 0.0.0)
      openssl (>= 0.0.0)
    redisio (1.7.1)
      ulimit (>= 0.1.2)
    rsyslog (1.12.2)
    runit (1.5.10)
      build-essential (>= 0.0.0)
      yum (~> 3.0)
      yum-epel (>= 0.0.0)
    ulimit (0.3.2)
    yum (3.2.2)
    yum-epel (0.3.6)
      yum (~> 3.0)

GIT
  remote: https://github.com/fnichol/chef-git
  ref: master
  sha: 6c19cbefcdad5ec0f62a64dae1f656d660698ea3
  specs:
    git (0.9.0)
      runit (>= 0.0.0)

GIT
  remote: https://github.com/fnichol/chef-rvm
  ref: master
  sha: dd58087e7399097a9b9df4e2e7235908aace2afd
  specs:
    rvm (0.9.2)
      chef_gem (>= 0.0.0)

GIT
  remote: https://github.com/i42n/chef-cookbook-mpd
  ref: master
  sha: 69555781d1278d766f0b5e2e502f10bbf358c11d
  specs:
    mpd (0.0.8)

GIT
  remote: https://github.com/i42n/reliveradio-plantasy-cookbook
  ref: master
  sha: c3156ca6dc0a584738bedf0102f5b97dbada7492
  specs:
    reliveradio-plantasy-cookbook (0.4.0)

GIT
  remote: https://github.com/i42n/wrapper-nginx-passenger
  ref: master
  sha: ad8cd755ff7d800ec57f524966acbdb402b45e4f
  specs:
    wrapper-nginx-passenger (0.9.0)
      nginx (>= 0.0.0)

DEPENDENCIES
  apt (>= 0)
  build-essential (>= 0)
  git (>= 0)
  icecast2 (>= 0)
  mpd (>= 0)
  nodejs (>= 0)
  postgresql (>= 0)
  redisio (>= 0)
  reliveradio-plantasy-cookbook (>= 0)
  rvm (>= 0)
  wrapper-nginx-passenger (>= 0)

